
Microsoft Visual Studio Solution File, Format Version 12.00
# Visual Studio 15
VisualStudioVersion = 15.0.28307.572
MinimumVisualStudioVersion = 10.0.40219.1
Project("{FAE04EC0-301F-11D3-BF4B-00C04F79EFBC}") = "balsamwebapp", "balsamwebapp\balsamwebapp.csproj", "{66F15875-A5F2-4880-A6D1-18A875E7A7F6}"
EndProject
Global
	GlobalSection(SolutionConfigurationPlatforms) = preSolution
		Debug|Any CPU = Debug|Any CPU
		Release|Any CPU = Release|Any CPU
	EndGlobalSection
	GlobalSection(ProjectConfigurationPlatforms) = postSolution
		{66F15875-A5F2-4880-A6D1-18A875E7A7F6}.Debug|Any CPU.ActiveCfg = Debug|Any CPU
		{66F15875-A5F2-4880-A6D1-18A875E7A7F6}.Debug|Any CPU.Build.0 = Debug|Any CPU
		{66F15875-A5F2-4880-A6D1-18A875E7A7F6}.Release|Any CPU.ActiveCfg = Release|Any CPU
		{66F15875-A5F2-4880-A6D1-18A875E7A7F6}.Release|Any CPU.Build.0 = Release|Any CPU
	EndGlobalSection
	GlobalSection(SolutionProperties) = preSolution
		HideSolutionNode = FALSE
	EndGlobalSection
	GlobalSection(ExtensibilityGlobals) = postSolution
		SolutionGuid = {3B1F64AA-92FA-4FD5-AEF3-9E6981987A65}
	EndGlobalSection
EndGlobal
